{
  "lockfileVersion": 1,
  "configVersion": 1,
  "workspaces": {
    "": {
      "name": "differens",
      "devDependencies": {
        "@biomejs/biome": "^1.9.4",
        "@types/bun": "^1.2.0",
        "turbo": "^2.4.0",
        "typescript": "^5.7.0",
      },
    },
    "apps/cli": {
      "name": "differens",
      "version": "0.2.0",
      "bin": {
        "differens": "dist/index.js",
      },
      "dependencies": {
        "@ossl-dev/differens-core": "workspace:*",
        "@ossl-dev/differens-correlate": "workspace:*",
        "@ossl-dev/differens-git": "workspace:*",
        "@ossl-dev/differens-narrate": "workspace:*",
        "@ossl-dev/differens-tiers": "workspace:*",
      },
      "devDependencies": {
        "@ossl-dev/differens-tsconfig": "workspace:*",
      },
    },
    "packages/core": {
      "name": "@ossl-dev/differens-core",
      "version": "0.2.0",
      "devDependencies": {
        "@ossl-dev/differens-tsconfig": "workspace:*",
      },
    },
    "packages/correlate": {
      "name": "@ossl-dev/differens-correlate",
      "version": "0.2.0",
      "dependencies": {
        "@ossl-dev/differens-core": "workspace:*",
      },
      "devDependencies": {
        "@ossl-dev/differens-tsconfig": "workspace:*",
      },
    },
    "packages/git": {
      "name": "@ossl-dev/differens-git",
      "version": "0.2.0",
      "dependencies": {
        "@ossl-dev/differens-core": "workspace:*",
      },
      "devDependencies": {
        "@ossl-dev/differens-tsconfig": "workspace:*",
      },
    },
    "packages/narrate": {
      "name": "@ossl-dev/differens-narrate",
      "version": "0.2.0",
      "dependencies": {
        "@ossl-dev/differens-core": "workspace:*",
      },
      "devDependencies": {
        "@ossl-dev/differens-tsconfig": "workspace:*",
      },
    },
    "packages/tiers": {
      "name": "@ossl-dev/differens-tiers",
      "version": "0.2.0",
      "dependencies": {
        "@ossl-dev/differens-core": "workspace:*",
        "@tree-sitter-grammars/tree-sitter-lua": "^0.4.1",
        "tree-sitter": "^0.25.1",
        "tree-sitter-bash": "^0.25.1",
        "tree-sitter-c": "^0.24.1",
        "tree-sitter-c-sharp": "^0.23.5",
        "tree-sitter-cpp": "^0.23.4",
        "tree-sitter-go": "^0.25.0",
        "tree-sitter-java": "^0.23.5",
        "tree-sitter-javascript": "^0.25.0",
        "tree-sitter-kotlin": "^0.3.8",
        "tree-sitter-php": "^0.24.2",
        "tree-sitter-python": "^0.25.0",
        "tree-sitter-ruby": "^0.23.1",
        "tree-sitter-rust": "^0.24.0",
        "tree-sitter-scala": "^0.24.0",
        "tree-sitter-swift": "^0.7.1",
        "tree-sitter-typescript": "^0.23.2",
      },
      "devDependencies": {
        "@ossl-dev/differens-tsconfig": "workspace:*",
      },
    },
    "packages/tsconfig": {
      "name": "@ossl-dev/differens-tsconfig",
      "version": "0.2.0",
    },
  },
  "packages": {
    "@biomejs/biome": ["@biomejs/biome@1.9.4", "", { "optionalDependencies": { "@biomejs/cli-darwin-arm64": "1.9.4", "@biomejs/cli-darwin-x64": "1.9.4", "@biomejs/cli-linux-arm64": "1.9.4", "@biomejs/cli-linux-arm64-musl": "1.9.4", "@biomejs/cli-linux-x64": "1.9.4", "@biomejs/cli-linux-x64-musl": "1.9.4", "@biomejs/cli-win32-arm64": "1.9.4", "@biomejs/cli-win32-x64": "1.9.4" }, "bin": { "biome": "bin/biome" } }, "sha512-1rkd7G70+o9KkTn5KLmDYXihGoTaIGO9PIIN2ZB7UJxFrWw04CZHPYiMRjYsaDvVV7hP1dYNRLxSANLaBFGpog=="],

    "@biomejs/cli-darwin-arm64": ["@biomejs/cli-darwin-arm64@1.9.4", "", { "os": "darwin", "cpu": "arm64" }, "sha512-bFBsPWrNvkdKrNCYeAp+xo2HecOGPAy9WyNyB/jKnnedgzl4W4Hb9ZMzYNbf8dMCGmUdSavlYHiR01QaYR58cw=="],

    "@biomejs/cli-darwin-x64": ["@biomejs/cli-darwin-x64@1.9.4", "", { "os": "darwin", "cpu": "x64" }, "sha512-ngYBh/+bEedqkSevPVhLP4QfVPCpb+4BBe2p7Xs32dBgs7rh9nY2AIYUL6BgLw1JVXV8GlpKmb/hNiuIxfPfZg=="],

    "@biomejs/cli-linux-arm64": ["@biomejs/cli-linux-arm64@1.9.4", "", { "os": "linux", "cpu": "arm64" }, "sha512-fJIW0+LYujdjUgJJuwesP4EjIBl/N/TcOX3IvIHJQNsAqvV2CHIogsmA94BPG6jZATS4Hi+xv4SkBBQSt1N4/g=="],

    "@biomejs/cli-linux-arm64-musl": ["@biomejs/cli-linux-arm64-musl@1.9.4", "", { "os": "linux", "cpu": "arm64" }, "sha512-v665Ct9WCRjGa8+kTr0CzApU0+XXtRgwmzIf1SeKSGAv+2scAlW6JR5PMFo6FzqqZ64Po79cKODKf3/AAmECqA=="],

    "@biomejs/cli-linux-x64": ["@biomejs/cli-linux-x64@1.9.4", "", { "os": "linux", "cpu": "x64" }, "sha512-lRCJv/Vi3Vlwmbd6K+oQ0KhLHMAysN8lXoCI7XeHlxaajk06u7G+UsFSO01NAs5iYuWKmVZjmiOzJ0OJmGsMwg=="],

    "@biomejs/cli-linux-x64-musl": ["@biomejs/cli-linux-x64-musl@1.9.4", "", { "os": "linux", "cpu": "x64" }, "sha512-gEhi/jSBhZ2m6wjV530Yy8+fNqG8PAinM3oV7CyO+6c3CEh16Eizm21uHVsyVBEB6RIM8JHIl6AGYCv6Q6Q9Tg=="],

    "@biomejs/cli-win32-arm64": ["@biomejs/cli-win32-arm64@1.9.4", "", { "os": "win32", "cpu": "arm64" }, "sha512-tlbhLk+WXZmgwoIKwHIHEBZUwxml7bRJgk0X2sPyNR3S93cdRq6XulAZRQJ17FYGGzWne0fgrXBKpl7l4M87Hg=="],

    "@biomejs/cli-win32-x64": ["@biomejs/cli-win32-x64@1.9.4", "", { "os": "win32", "cpu": "x64" }, "sha512-8Y5wMhVIPaWe6jw2H+KlEm4wP/f7EW3810ZLmDlrEEy5KvBsb9ECEfu/kMWD484ijfQ8+nIi0giMgu9g1UAuuA=="],

    "@ossl-dev/differens-core": ["@ossl-dev/differens-core@workspace:packages/core"],

    "@ossl-dev/differens-correlate": ["@ossl-dev/differens-correlate@workspace:packages/correlate"],

    "@ossl-dev/differens-git": ["@ossl-dev/differens-git@workspace:packages/git"],

    "@ossl-dev/differens-narrate": ["@ossl-dev/differens-narrate@workspace:packages/narrate"],

    "@ossl-dev/differens-tiers": ["@ossl-dev/differens-tiers@workspace:packages/tiers"],

    "@ossl-dev/differens-tsconfig": ["@ossl-dev/differens-tsconfig@workspace:packages/tsconfig"],

    "@tree-sitter-grammars/tree-sitter-lua": ["@tree-sitter-grammars/tree-sitter-lua@0.4.1", "", { "dependencies": { "node-addon-api": "^8.5.0", "node-gyp-build": "^4.8.4" }, "peerDependencies": { "tree-sitter": "^0.22.4" }, "optionalPeers": ["tree-sitter"] }, "sha512-EwagFaU6ZveVk18/Y8qUhZkkiBKnQ7dSCHbm//TUroLVKy3i1rOYGy/cNHtSkAb1eDvS1HhCLybH2S541Cya/g=="],

    "@turbo/darwin-64": ["@turbo/darwin-64@2.10.9", "", { "os": "darwin", "cpu": "x64" }, "sha512-Jh+pTGXLNz8+1tkUU13TI/f+ZOI+OvC4YbHi1H+57iSpLt5DR3xgptd+4sA07RdjdRR/RX/01uQQu2OkbzIefA=="],

    "@turbo/darwin-arm64": ["@turbo/darwin-arm64@2.10.9", "", { "os": "darwin", "cpu": "arm64" }, "sha512-aqtpPkiIC4IUas8Vv27oJ3aDfTuP1d5wofd01dZ7gfhHRrIKuFdqQb4imvNnVFahcOViF9Jh8Oi7feDoz8/ciA=="],

    "@turbo/linux-64": ["@turbo/linux-64@2.10.9", "", { "os": [ "linux", "android", ], "cpu": "x64" }, "sha512-XyAneUBsS5uNOUOjBSs81zyigMVwwhVUd3u7F2JFMKGQk6F7eNAiOEBASJ+aHLldjYsOEjhfW+5gWIqwziyFFw=="],

    "@turbo/linux-arm64": ["@turbo/linux-arm64@2.10.9", "", { "os": [ "linux", "android", ], "cpu": "arm64" }, "sha512-5jAcldLnkuWIjujGhCn2MGIeUwW8IVNOq9Sce4EEzzgLcxmhTasbV0RiW6ZkaRdOjmOCGzeNXPLkDJEOIucOLw=="],

    "@turbo/windows-64": ["@turbo/windows-64@2.10.9", "", { "os": "win32", "cpu": "x64" }, "sha512-u1xGpGlefzuhBedbt/VR2nWdftfFVZwPeDg9e5uZl68sV1fL3HNYTNr5VyHkzgtPK2VTYg1x4OKZuGrh1Gvhtg=="],

    "@turbo/windows-arm64": ["@turbo/windows-arm64@2.10.9", "", { "os": "win32", "cpu": "arm64" }, "sha512-W2Ub165Qv0iMFljbYKxxbZN+2dVSngnzEjQNEFXtnz5oJVx9XSypmNmUvMtuYMeZ3kdVC1zI7yd/rtuX+SDnbg=="],

    "@types/bun": ["@types/bun@1.3.14", "", { "dependencies": { "bun-types": "1.3.14" } }, "sha512-h1hFqFVcvAvD9j9K7ZW7vd82aSA+rTdznZa+5bwvCwqSB1jmmfLcbIWhOLx1/+boy/xmjgCs/OMUL8hRJSmnPw=="],

    "@types/node": ["@types/node@26.2.0", "", { "dependencies": { "undici-types": "~8.3.0" } }, "sha512-5IviulTZeRNp2vAJ514cc/HUlY5nZ9fCbq9DMyC52BrhFZACo3nI0R7qBxhQmo/d27NFe96ur/b7Wwxklda+kg=="],

    "bun-types": ["bun-types@1.3.14", "", { "dependencies": { "@types/node": "*" } }, "sha512-4N0ig0fEomHt5R0KCFWjovxow98rIoRwKolrYdCcknNwMekCXRnWEUvgu5soYV8QXtVsrUD8B95MBOZGPvr6KQ=="],

    "differens": ["differens@workspace:apps/cli"],

    "isexe": ["isexe@2.0.0", "", {}, "sha512-RHxMLp9lnKHGHRng9QFhRCMbYAcVpn69smSGcq3f36xjgVVWThj4qqLbTLlq7Ssj8B+fIQ1EuCEGI2lKsyQeIw=="],

    "node-addon-api": ["node-addon-api@8.9.1", "", {}, "sha512-4eUQWVPCUUUiBjLnHS3cXWeC6ryoPUc0U3rP7IuzapoGbzMqd/r6KKO0clr0b+snQhsrueFEhCZDdK+LK7hxKg=="],

    "node-gyp-build": ["node-gyp-build@4.8.4", "", { "bin": { "node-gyp-build": "bin.js", "node-gyp-build-optional": "optional.js", "node-gyp-build-test": "build-test.js" } }, "sha512-LA4ZjwlnUblHVgq0oBF3Jl/6h/Nvs5fzBLwdEF4nuxnFdsfajde4WfxtJr3CaiH+F6ewcIB/q4jQ4UzPyid+CQ=="],

    "tree-sitter": ["tree-sitter@0.25.1", "", { "dependencies": { "node-addon-api": "^8.5.0", "node-gyp-build": "^4.8.4" } }, "sha512-mrcEdkYtHfrK1A6fs3O6FxkBo0Qig5XUXqHhxUOQu0bmPo00QF4XaSx4edpazdHwxnSCjlGKGgIqWdaN4dvTLA=="],

    "tree-sitter-bash": ["tree-sitter-bash@0.25.1", "", { "dependencies": { "node-addon-api": "^8.2.1", "node-gyp-build": "^4.8.2" }, "peerDependencies": { "tree-sitter": "^0.25.0" }, "optionalPeers": ["tree-sitter"] }, "sha512-7hMytuYIMoXOq24yRulgIxthE9YmggZIOHCyPTTuJcu6EU54tYD+4G39cUb28kxC6jMf/AbPfWGLQtgPTdh3xw=="],

    "tree-sitter-c": ["tree-sitter-c@0.24.1", "", { "dependencies": { "node-addon-api": "^8.3.1", "node-gyp-build": "^4.8.4" }, "peerDependencies": { "tree-sitter": "^0.22.4" }, "optionalPeers": ["tree-sitter"] }, "sha512-lkYwWN3SRecpvaeqmFKkuPNR3ZbtnvHU+4XAEEkJdrp3JfSp2pBrhXOtvfsENUneye76g889Y0ddF2DM0gEDpA=="],

    "tree-sitter-c-sharp": ["tree-sitter-c-sharp@0.23.5", "", { "dependencies": { "node-addon-api": "^8.2.2", "node-gyp-build": "^4.8.4" }, "peerDependencies": { "tree-sitter": "^0.25.0" }, "optionalPeers": ["tree-sitter"] }, "sha512-xJGOeXPMmld0nES5+080N/06yY6LQi+KWGWV4LfZaZe6srJPtUtfhIbRSN7EZN6IaauzW28v6W4QHFwmeUW6HQ=="],

    "tree-sitter-cli": ["tree-sitter-cli@0.23.2", "", { "bin": { "tree-sitter": "cli.js" } }, "sha512-kPPXprOqREX+C/FgUp2Qpt9jd0vSwn+hOgjzVv/7hapdoWpa+VeWId53rf4oNNd29ikheF12BYtGD/W90feMbA=="],

    "tree-sitter-cpp": ["tree-sitter-cpp@0.23.4", "", { "dependencies": { "node-addon-api": "^8.2.1", "node-gyp-build": "^4.8.2", "tree-sitter-c": "^0.23.1" }, "peerDependencies": { "tree-sitter": "^0.21.1" }, "optionalPeers": ["tree-sitter"] }, "sha512-qR5qUDyhZ5jJ6V8/umiBxokRbe89bCGmcq/dk94wI4kN86qfdV8k0GHIUEKaqWgcu42wKal5E97LKpLeVW8sKw=="],

    "tree-sitter-go": ["tree-sitter-go@0.25.0", "", { "dependencies": { "node-addon-api": "^8.3.1", "node-gyp-build": "^4.8.4" }, "peerDependencies": { "tree-sitter": "^0.25.0" }, "optionalPeers": ["tree-sitter"] }, "sha512-APBc/Dq3xz/e35Xpkhb1blu5UgW+2E3RyGWawZSCNcbGwa7jhSQPS8KsUupuzBla8PCo8+lz9W/JDJjmfRa2tw=="],

    "tree-sitter-java": ["tree-sitter-java@0.23.5", "", { "dependencies": { "node-addon-api": "^8.2.2", "node-gyp-build": "^4.8.2" }, "peerDependencies": { "tree-sitter": "^0.21.1" }, "optionalPeers": ["tree-sitter"] }, "sha512-Yju7oQ0Xx7GcUT01mUglPP+bYfvqjNCGdxqigTnew9nLGoII42PNVP3bHrYeMxswiCRM0yubWmN5qk+zsg0zMA=="],

    "tree-sitter-javascript": ["tree-sitter-javascript@0.25.0", "", { "dependencies": { "node-addon-api": "^8.3.1", "node-gyp-build": "^4.8.4" }, "peerDependencies": { "tree-sitter": "^0.25.0" }, "optionalPeers": ["tree-sitter"] }, "sha512-1fCbmzAskZkxcZzN41sFZ2br2iqTYP3tKls1b/HKGNPQUVOpsUxpmGxdN/wMqAk3jYZnYBR1dd/y/0avMeU7dw=="],

    "tree-sitter-kotlin": ["tree-sitter-kotlin@0.3.8", "", { "dependencies": { "node-addon-api": "^7.1.0", "node-gyp-build": "^4.8.0" }, "peerDependencies": { "tree-sitter": "^0.21.0", "tree_sitter": "*" }, "optionalPeers": ["tree_sitter"] }, "sha512-A4obq6bjzmYrA+F0JLLoheFPcofFkctNaZSpnDd+GPn1SfVZLY4/GG4C0cYVBTOShuPBGGAOPLM1JWLZQV4m1g=="],

    "tree-sitter-php": ["tree-sitter-php@0.24.2", "", { "dependencies": { "node-addon-api": "^8.2.2", "node-gyp-build": "^4.8.2" }, "peerDependencies": { "tree-sitter": "^0.22.4" }, "optionalPeers": ["tree-sitter"] }, "sha512-zwgAePc/HozNaWOOfwRAA+3p8yhuehRw8Fb7vn5qd2XjiIc93uJPryDTMYTSjBRjVIUg/KY6pM3rRzs8dSwKfw=="],

    "tree-sitter-python": ["tree-sitter-python@0.25.0", "", { "dependencies": { "node-addon-api": "^8.5.0", "node-gyp-build": "^4.8.4" }, "peerDependencies": { "tree-sitter": "^0.25.0" }, "optionalPeers": ["tree-sitter"] }, "sha512-eCmJx6zQa35GxaCtQD+wXHOhYqBxEL+bp71W/s3fcDMu06MrtzkVXR437dRrCrbrDbyLuUDJpAgycs7ncngLXw=="],

    "tree-sitter-ruby": ["tree-sitter-ruby@0.23.1", "", { "dependencies": { "node-addon-api": "^8.2.2", "node-gyp-build": "^4.8.2" }, "peerDependencies": { "tree-sitter": "^0.21.1" }, "optionalPeers": ["tree-sitter"] }, "sha512-d9/RXgWjR6HanN7wTYhS5bpBQLz1VkH048Vm3CodPGyJVnamXMGb8oEhDypVCBq4QnHui9sTXuJBBP3WtCw5RA=="],

    "tree-sitter-rust": ["tree-sitter-rust@0.24.0", "", { "dependencies": { "node-addon-api": "^8.2.2", "node-gyp-build": "^4.8.4" }, "peerDependencies": { "tree-sitter": "^0.22.1" }, "optionalPeers": ["tree-sitter"] }, "sha512-NWemUDf629Tfc90Y0Z55zuwPCAHkLxWnMf2RznYu4iBkkrQl2o/CHGB7Cr52TyN5F1DAx8FmUnDtCy9iUkXZEQ=="],

    "tree-sitter-scala": ["tree-sitter-scala@0.24.0", "", { "dependencies": { "node-addon-api": "^8.2.2", "node-gyp-build": "^4.8.2" }, "peerDependencies": { "tree-sitter": "^0.21.1" }, "optionalPeers": ["tree-sitter"] }, "sha512-vkMuAUrBZ1zZz2XcGDQk18Kz73JkpgaeXzbNVobPke0G35sd9jH32aUxG6OLRKM7et0TbsfqkWf4DeJoGk4K1g=="],

    "tree-sitter-swift": ["tree-sitter-swift@0.7.1", "", { "dependencies": { "node-addon-api": "^8.0.0", "node-gyp-build": "^4.8.0", "tree-sitter-cli": "^0.23", "which": "2.0.2" }, "peerDependencies": { "tree-sitter": "^0.22.1", "tree_sitter": "*" }, "optionalPeers": ["tree_sitter"] }, "sha512-pneKVTuGamaBsqqqfB9BvNQjktzh/0IVPR54jLB5Fq/JTDQwYHd0Wo6pVyZ5jAYpbztzq+rJ/rpL9ruxTmSoKw=="],

    "tree-sitter-typescript": ["tree-sitter-typescript@0.23.2", "", { "dependencies": { "node-addon-api": "^8.2.2", "node-gyp-build": "^4.8.2", "tree-sitter-javascript": "^0.23.1" }, "peerDependencies": { "tree-sitter": "^0.21.0" }, "optionalPeers": ["tree-sitter"] }, "sha512-e04JUUKxTT53/x3Uq1zIL45DoYKVfHH4CZqwgZhPg5qYROl5nQjV+85ruFzFGZxu+QeFVbRTPDRnqL9UbU4VeA=="],

    "turbo": ["turbo@2.10.9", "", { "optionalDependencies": { "@turbo/darwin-64": "2.10.9", "@turbo/darwin-arm64": "2.10.9", "@turbo/linux-64": "2.10.9", "@turbo/linux-arm64": "2.10.9", "@turbo/windows-64": "2.10.9", "@turbo/windows-arm64": "2.10.9" }, "bin": { "turbo": "bin/turbo" } }, "sha512-Yl9+ukxH+UmPtKidpDkjn82tvPoEvFNb9UACd9vUomN1Ft0cwl3rx0P8yC1D93W9EOsWRMjllvIDG8y25sFOog=="],

    "typescript": ["typescript@5.9.3", "", { "bin": { "tsc": "bin/tsc", "tsserver": "bin/tsserver" } }, "sha512-jl1vZzPDinLr9eUt3J/t7V6FgNEw9QjvBPdysz9KfQDD41fQrC2Y4vKQdiaUpFT4bXlb1RHhLpp8wtm6M5TgSw=="],

    "undici-types": ["undici-types@8.3.0", "", {}, "sha512-j375ScV60dom+YkPFIfTLcOiPxkN/buHz5GobjLhixFuANaNs3C9l4GmrWqejgXWJ7BbJcFYpTEUkS1Ge8bpZQ=="],

    "which": ["which@2.0.2", "", { "dependencies": { "isexe": "^2.0.0" }, "bin": { "node-which": "./bin/node-which" } }, "sha512-BLI3Tl1TW3Pvl70l3yq3Y64i+awpwXqsGBYWkkqMtnbXgrMD+yj7rhW0kuEDxzJaYXGjEW5ogapKNMEKNMjibA=="],

    "tree-sitter-cpp/tree-sitter-c": ["tree-sitter-c@0.23.6", "", { "dependencies": { "node-addon-api": "^8.3.0", "node-gyp-build": "^4.8.4" }, "peerDependencies": { "tree-sitter": "^0.22.1" }, "optionalPeers": ["tree-sitter"] }, "sha512-0dxXKznVyUA0s6PjNolJNs2yF87O5aL538A/eR6njA5oqX3C3vH4vnx3QdOKwuUdpKEcFdHuiDpRKLLCA/tjvQ=="],

    "tree-sitter-kotlin/node-addon-api": ["node-addon-api@7.1.1", "", {}, "sha512-5m3bsyrjFWE1xf7nz7YXdN4udnVtXK6/Yfgn5qnahL6bCkf2yKt4k3nuTKAtT4r3IG8JNR2ncsIMdZuAzJjHQQ=="],

    "tree-sitter-typescript/tree-sitter-javascript": ["tree-sitter-javascript@0.23.1", "", { "dependencies": { "node-addon-api": "^8.2.2", "node-gyp-build": "^4.8.2" }, "peerDependencies": { "tree-sitter": "^0.21.1" }, "optionalPeers": ["tree-sitter"] }, "sha512-/bnhbrTD9frUYHQTiYnPcxyHORIw157ERBa6dqzaKxvR/x3PC4Yzd+D1pZIMS6zNg2v3a8BZ0oK7jHqsQo9fWA=="],
  }
}
